
Microsoft Visual Studio Solution File, Format Version 12.00
# Visual Studio Version 16
VisualStudioVersion = 16.0.30907.101
MinimumVisualStudioVersion = 10.0.40219.1
Project("{FAE04EC0-301F-11D3-BF4B-00C04F79EFBC}") = "Semestralni_konzolova_aplikace", "Semestralni_konzolova_aplikace\Semestralni_konzolova_aplikace.csproj", "{8F8E2523-C528-49D0-A6AE-41F9A4F184F1}"
EndProject
Global
	GlobalSection(SolutionConfigurationPlatforms) = preSolution
		Debug|Any CPU = Debug|Any CPU
		Release|Any CPU = Release|Any CPU
	EndGlobalSection
	GlobalSection(ProjectConfigurationPlatforms) = postSolution
		{8F8E2523-C528-49D0-A6AE-41F9A4F184F1}.Debug|Any CPU.ActiveCfg = Debug|Any CPU
		{8F8E2523-C528-49D0-A6AE-41F9A4F184F1}.Debug|Any CPU.Build.0 = Debug|Any CPU
		{8F8E2523-C528-49D0-A6AE-41F9A4F184F1}.Release|Any CPU.ActiveCfg = Release|Any CPU
		{8F8E2523-C528-49D0-A6AE-41F9A4F184F1}.Release|Any CPU.Build.0 = Release|Any CPU
	EndGlobalSection
	GlobalSection(SolutionProperties) = preSolution
		HideSolutionNode = FALSE
	EndGlobalSection
	GlobalSection(ExtensibilityGlobals) = postSolution
		SolutionGuid = {5E1682AA-7C1E-4698-813C-273589DEFC3D}
	EndGlobalSection
EndGlobal
